
Microsoft Visual Studio Solution File, Format Version 12.00
# Visual Studio Version 16
VisualStudioVersion = 16.0.30002.166
MinimumVisualStudioVersion = 10.0.40219.1
Project("{2150E333-8FDC-42A3-9474-1A3956D46DE8}") = "src", "src", "{86A4537E-351D-471E-A9D4-CA08FAB19BDB}"
EndProject
Project("{2150E333-8FDC-42A3-9474-1A3956D46DE8}") = "test", "test", "{075994FC-30F6-40D4-815C-A7E280BBFE5F}"
EndProject
Project("{2150E333-8FDC-42A3-9474-1A3956D46DE8}") = "SolutionItems", "SolutionItems", "{AE56CA1A-AEE8-44C6-98CA-E680E37F2EF7}"
EndProject
Project("{9A19103F-16F7-4668-BE54-9A1E7A4F7556}") = "QuickView.Domain", "src\Quickview.Domain\QuickView.Domain.csproj", "{28B5F15B-862A-4D90-85FC-3FBA0853346D}"
EndProject
Project("{9A19103F-16F7-4668-BE54-9A1E7A4F7556}") = "QuickView.Querying", "src\Quickview.Querying\QuickView.Querying.csproj", "{6F78681C-2122-4782-B518-CC76C1FF2272}"
EndProject
Project("{9A19103F-16F7-4668-BE54-9A1E7A4F7556}") = "QuickView.Data.GitHub", "src\Quickview.Data.GitHub\QuickView.Data.GitHub.csproj", "{8C27E0A5-0E5C-45B9-BB42-F4C3AE705A62}"
EndProject
Project("{9A19103F-16F7-4668-BE54-9A1E7A4F7556}") = "QuickView.Data.Jira", "src\Quickview.Data.Jira\QuickView.Data.Jira.csproj", "{3A61C4B7-81C0-4494-889D-3E4CBC67A247}"
EndProject
Project("{9A19103F-16F7-4668-BE54-9A1E7A4F7556}") = "QuickView.UI.Windows", "src\Quickview.UI.Windows\QuickView.UI.Windows.csproj", "{B3FA61E2-3197-43C0-935F-C37D1C5CD315}"
EndProject
Project("{9A19103F-16F7-4668-BE54-9A1E7A4F7556}") = "QuickView.Commanding", "src\Quickview.Commanding\QuickView.Commanding.csproj", "{0FA4ECFE-DA1C-416B-9205-01A9CC025CEB}"
EndProject
Project("{9A19103F-16F7-4668-BE54-9A1E7A4F7556}") = "QuickView.Repositories", "src\Quickview.Repositories\QuickView.Repositories.csproj", "{58EDAD8F-3AF9-46F9-B481-FA623894DF00}"
EndProject
Project("{9A19103F-16F7-4668-BE54-9A1E7A4F7556}") = "QuickView.Data.LocalStorage", "src\Quickview.Data.LocalStorage\QuickView.Data.LocalStorage.csproj", "{202061A8-8695-4D89-91E4-B55478BB690B}"
EndProject
Project("{FAE04EC0-301F-11D3-BF4B-00C04F79EFBC}") = "QuickView.UI.UWP", "src\QuickView.UI.UWP\QuickView.UI.UWP.csproj", "{2699C0DA-DCCF-48B7-8D76-5647E3310FAF}"
EndProject
Project("{FAE04EC0-301F-11D3-BF4B-00C04F79EFBC}") = "QuickView.UI.UWP.Tests.MSTest", "src\QuickView.UI.UWP.Tests.MSTest\QuickView.UI.UWP.Tests.MSTest.csproj", "{8311B545-CA1D-4B41-9F36-B56670A8093A}"
EndProject
Project("{9A19103F-16F7-4668-BE54-9A1E7A4F7556}") = "QuickView.UI.UWP.Core", "src\QuickView.UI.UWP.Core\QuickView.UI.UWP.Core.csproj", "{20B8B81D-936F-410B-B896-EB153441BDAF}"
EndProject
Project("{FAE04EC0-301F-11D3-BF4B-00C04F79EFBC}") = "QuickView.Services", "src\QuickView.Services\QuickView.Services.csproj", "{3A514F6F-2DBC-4549-94AA-4B36BDA362D3}"
EndProject
Global
	GlobalSection(SolutionConfigurationPlatforms) = preSolution
		Debug|Any CPU = Debug|Any CPU
		Debug|ARM = Debug|ARM
		Debug|ARM64 = Debug|ARM64
		Debug|x64 = Debug|x64
		Debug|x86 = Debug|x86
		Release|Any CPU = Release|Any CPU
		Release|ARM = Release|ARM
		Release|ARM64 = Release|ARM64
		Release|x64 = Release|x64
		Release|x86 = Release|x86
	EndGlobalSection
	GlobalSection(ProjectConfigurationPlatforms) = postSolution
		{28B5F15B-862A-4D90-85FC-3FBA0853346D}.Debug|Any CPU.ActiveCfg = Debug|Any CPU
		{28B5F15B-862A-4D90-85FC-3FBA0853346D}.Debug|Any CPU.Build.0 = Debug|Any CPU
		{28B5F15B-862A-4D90-85FC-3FBA0853346D}.Debug|ARM.ActiveCfg = Debug|Any CPU
		{28B5F15B-862A-4D90-85FC-3FBA0853346D}.Debug|ARM.Build.0 = Debug|Any CPU
		{28B5F15B-862A-4D90-85FC-3FBA0853346D}.Debug|ARM64.ActiveCfg = Debug|Any CPU
		{28B5F15B-862A-4D90-85FC-3FBA0853346D}.Debug|ARM64.Build.0 = Debug|Any CPU
		{28B5F15B-862A-4D90-85FC-3FBA0853346D}.Debug|x64.ActiveCfg = Debug|Any CPU
		{28B5F15B-862A-4D90-85FC-3FBA0853346D}.Debug|x64.Build.0 = Debug|Any CPU
		{28B5F15B-862A-4D90-85FC-3FBA0853346D}.Debug|x86.ActiveCfg = Debug|Any CPU
		{28B5F15B-862A-4D90-85FC-3FBA0853346D}.Debug|x86.Build.0 = Debug|Any CPU
		{28B5F15B-862A-4D90-85FC-3FBA0853346D}.Release|Any CPU.ActiveCfg = Release|Any CPU
		{28B5F15B-862A-4D90-85FC-3FBA0853346D}.Release|Any CPU.Build.0 = Release|Any CPU
		{28B5F15B-862A-4D90-85FC-3FBA0853346D}.Release|ARM.ActiveCfg = Release|Any CPU
		{28B5F15B-862A-4D90-85FC-3FBA0853346D}.Release|ARM.Build.0 = Release|Any CPU
		{28B5F15B-862A-4D90-85FC-3FBA0853346D}.Release|ARM64.ActiveCfg = Release|Any CPU
		{28B5F15B-862A-4D90-85FC-3FBA0853346D}.Release|ARM64.Build.0 = Release|Any CPU
		{28B5F15B-862A-4D90-85FC-3FBA0853346D}.Release|x64.ActiveCfg = Release|Any CPU
		{28B5F15B-862A-4D90-85FC-3FBA0853346D}.Release|x64.Build.0 = Release|Any CPU
		{28B5F15B-862A-4D90-85FC-3FBA0853346D}.Release|x86.ActiveCfg = Release|Any CPU
		{28B5F15B-862A-4D90-85FC-3FBA0853346D}.Release|x86.Build.0 = Release|Any CPU
		{6F78681C-2122-4782-B518-CC76C1FF2272}.Debug|Any CPU.ActiveCfg = Debug|Any CPU
		{6F78681C-2122-4782-B518-CC76C1FF2272}.Debug|Any CPU.Build.0 = Debug|Any CPU
		{6F78681C-2122-4782-B518-CC76C1FF2272}.Debug|ARM.ActiveCfg = Debug|Any CPU
		{6F78681C-2122-4782-B518-CC76C1FF2272}.Debug|ARM.Build.0 = Debug|Any CPU
		{6F78681C-2122-4782-B518-CC76C1FF2272}.Debug|ARM64.ActiveCfg = Debug|Any CPU
		{6F78681C-2122-4782-B518-CC76C1FF2272}.Debug|ARM64.Build.0 = Debug|Any CPU
		{6F78681C-2122-4782-B518-CC76C1FF2272}.Debug|x64.ActiveCfg = Debug|Any CPU
		{6F78681C-2122-4782-B518-CC76C1FF2272}.Debug|x64.Build.0 = Debug|Any CPU
		{6F78681C-2122-4782-B518-CC76C1FF2272}.Debug|x86.ActiveCfg = Debug|Any CPU
		{6F78681C-2122-4782-B518-CC76C1FF2272}.Debug|x86.Build.0 = Debug|Any CPU
		{6F78681C-2122-4782-B518-CC76C1FF2272}.Release|Any CPU.ActiveCfg = Release|Any CPU
		{6F78681C-2122-4782-B518-CC76C1FF2272}.Release|Any CPU.Build.0 = Release|Any CPU
		{6F78681C-2122-4782-B518-CC76C1FF2272}.Release|ARM.ActiveCfg = Release|Any CPU
		{6F78681C-2122-4782-B518-CC76C1FF2272}.Release|ARM.Build.0 = Release|Any CPU
		{6F78681C-2122-4782-B518-CC76C1FF2272}.Release|ARM64.ActiveCfg = Release|Any CPU
		{6F78681C-2122-4782-B518-CC76C1FF2272}.Release|ARM64.Build.0 = Release|Any CPU
		{6F78681C-2122-4782-B518-CC76C1FF2272}.Release|x64.ActiveCfg = Release|Any CPU
		{6F78681C-2122-4782-B518-CC76C1FF2272}.Release|x64.Build.0 = Release|Any CPU
		{6F78681C-2122-4782-B518-CC76C1FF2272}.Release|x86.ActiveCfg = Release|Any CPU
		{6F78681C-2122-4782-B518-CC76C1FF2272}.Release|x86.Build.0 = Release|Any CPU
		{8C27E0A5-0E5C-45B9-BB42-F4C3AE705A62}.Debug|Any CPU.ActiveCfg = Debug|Any CPU
		{8C27E0A5-0E5C-45B9-BB42-F4C3AE705A62}.Debug|Any CPU.Build.0 = Debug|Any CPU
		{8C27E0A5-0E5C-45B9-BB42-F4C3AE705A62}.Debug|ARM.ActiveCfg = Debug|Any CPU
		{8C27E0A5-0E5C-45B9-BB42-F4C3AE705A62}.Debug|ARM.Build.0 = Debug|Any CPU
		{8C27E0A5-0E5C-45B9-BB42-F4C3AE705A62}.Debug|ARM64.ActiveCfg = Debug|Any CPU
		{8C27E0A5-0E5C-45B9-BB42-F4C3AE705A62}.Debug|ARM64.Build.0 = Debug|Any CPU
		{8C27E0A5-0E5C-45B9-BB42-F4C3AE705A62}.Debug|x64.ActiveCfg = Debug|Any CPU
		{8C27E0A5-0E5C-45B9-BB42-F4C3AE705A62}.Debug|x64.Build.0 = Debug|Any CPU
		{8C27E0A5-0E5C-45B9-BB42-F4C3AE705A62}.Debug|x86.ActiveCfg = Debug|Any CPU
		{8C27E0A5-0E5C-45B9-BB42-F4C3AE705A62}.Debug|x86.Build.0 = Debug|Any CPU
		{8C27E0A5-0E5C-45B9-BB42-F4C3AE705A62}.Release|Any CPU.ActiveCfg = Release|Any CPU
		{8C27E0A5-0E5C-45B9-BB42-F4C3AE705A62}.Release|Any CPU.Build.0 = Release|Any CPU
		{8C27E0A5-0E5C-45B9-BB42-F4C3AE705A62}.Release|ARM.ActiveCfg = Release|Any CPU
		{8C27E0A5-0E5C-45B9-BB42-F4C3AE705A62}.Release|ARM.Build.0 = Release|Any CPU
		{8C27E0A5-0E5C-45B9-BB42-F4C3AE705A62}.Release|ARM64.ActiveCfg = Release|Any CPU
		{8C27E0A5-0E5C-45B9-BB42-F4C3AE705A62}.Release|ARM64.Build.0 = Release|Any CPU
		{8C27E0A5-0E5C-45B9-BB42-F4C3AE705A62}.Release|x64.ActiveCfg = Release|Any CPU
		{8C27E0A5-0E5C-45B9-BB42-F4C3AE705A62}.Release|x64.Build.0 = Release|Any CPU
		{8C27E0A5-0E5C-45B9-BB42-F4C3AE705A62}.Release|x86.ActiveCfg = Release|Any CPU
		{8C27E0A5-0E5C-45B9-BB42-F4C3AE705A62}.Release|x86.Build.0 = Release|Any CPU
		{3A61C4B7-81C0-4494-889D-3E4CBC67A247}.Debug|Any CPU.ActiveCfg = Debug|Any CPU
		{3A61C4B7-81C0-4494-889D-3E4CBC67A247}.Debug|Any CPU.Build.0 = Debug|Any CPU
		{3A61C4B7-81C0-4494-889D-3E4CBC67A247}.Debug|ARM.ActiveCfg = Debug|Any CPU
		{3A61C4B7-81C0-4494-889D-3E4CBC67A247}.Debug|ARM.Build.0 = Debug|Any CPU
		{3A61C4B7-81C0-4494-889D-3E4CBC67A247}.Debug|ARM64.ActiveCfg = Debug|Any CPU
		{3A61C4B7-81C0-4494-889D-3E4CBC67A247}.Debug|ARM64.Build.0 = Debug|Any CPU
		{3A61C4B7-81C0-4494-889D-3E4CBC67A247}.Debug|x64.ActiveCfg = Debug|Any CPU
		{3A61C4B7-81C0-4494-889D-3E4CBC67A247}.Debug|x64.Build.0 = Debug|Any CPU
		{3A61C4B7-81C0-4494-889D-3E4CBC67A247}.Debug|x86.ActiveCfg = Debug|Any CPU
		{3A61C4B7-81C0-4494-889D-3E4CBC67A247}.Debug|x86.Build.0 = Debug|Any CPU
		{3A61C4B7-81C0-4494-889D-3E4CBC67A247}.Release|Any CPU.ActiveCfg = Release|Any CPU
		{3A61C4B7-81C0-4494-889D-3E4CBC67A247}.Release|Any CPU.Build.0 = Release|Any CPU
		{3A61C4B7-81C0-4494-889D-3E4CBC67A247}.Release|ARM.ActiveCfg = Release|Any CPU
		{3A61C4B7-81C0-4494-889D-3E4CBC67A247}.Release|ARM.Build.0 = Release|Any CPU
		{3A61C4B7-81C0-4494-889D-3E4CBC67A247}.Release|ARM64.ActiveCfg = Release|Any CPU
		{3A61C4B7-81C0-4494-889D-3E4CBC67A247}.Release|ARM64.Build.0 = Release|Any CPU
		{3A61C4B7-81C0-4494-889D-3E4CBC67A247}.Release|x64.ActiveCfg = Release|Any CPU
		{3A61C4B7-81C0-4494-889D-3E4CBC67A247}.Release|x64.Build.0 = Release|Any CPU
		{3A61C4B7-81C0-4494-889D-3E4CBC67A247}.Release|x86.ActiveCfg = Release|Any CPU
		{3A61C4B7-81C0-4494-889D-3E4CBC67A247}.Release|x86.Build.0 = Release|Any CPU
		{B3FA61E2-3197-43C0-935F-C37D1C5CD315}.Debug|Any CPU.ActiveCfg = Debug|Any CPU
		{B3FA61E2-3197-43C0-935F-C37D1C5CD315}.Debug|Any CPU.Build.0 = Debug|Any CPU
		{B3FA61E2-3197-43C0-935F-C37D1C5CD315}.Debug|ARM.ActiveCfg = Debug|Any CPU
		{B3FA61E2-3197-43C0-935F-C37D1C5CD315}.Debug|ARM.Build.0 = Debug|Any CPU
		{B3FA61E2-3197-43C0-935F-C37D1C5CD315}.Debug|ARM64.ActiveCfg = Debug|Any CPU
		{B3FA61E2-3197-43C0-935F-C37D1C5CD315}.Debug|ARM64.Build.0 = Debug|Any CPU
		{B3FA61E2-3197-43C0-935F-C37D1C5CD315}.Debug|x64.ActiveCfg = Debug|Any CPU
		{B3FA61E2-3197-43C0-935F-C37D1C5CD315}.Debug|x64.Build.0 = Debug|Any CPU
		{B3FA61E2-3197-43C0-935F-C37D1C5CD315}.Debug|x86.ActiveCfg = Debug|Any CPU
		{B3FA61E2-3197-43C0-935F-C37D1C5CD315}.Debug|x86.Build.0 = Debug|Any CPU
		{B3FA61E2-3197-43C0-935F-C37D1C5CD315}.Release|Any CPU.ActiveCfg = Release|Any CPU
		{B3FA61E2-3197-43C0-935F-C37D1C5CD315}.Release|Any CPU.Build.0 = Release|Any CPU
		{B3FA61E2-3197-43C0-935F-C37D1C5CD315}.Release|ARM.ActiveCfg = Release|Any CPU
		{B3FA61E2-3197-43C0-935F-C37D1C5CD315}.Release|ARM.Build.0 = Release|Any CPU
		{B3FA61E2-3197-43C0-935F-C37D1C5CD315}.Release|ARM64.ActiveCfg = Release|Any CPU
		{B3FA61E2-3197-43C0-935F-C37D1C5CD315}.Release|ARM64.Build.0 = Release|Any CPU
		{B3FA61E2-3197-43C0-935F-C37D1C5CD315}.Release|x64.ActiveCfg = Release|Any CPU
		{B3FA61E2-3197-43C0-935F-C37D1C5CD315}.Release|x64.Build.0 = Release|Any CPU
		{B3FA61E2-3197-43C0-935F-C37D1C5CD315}.Release|x86.ActiveCfg = Release|Any CPU
		{B3FA61E2-3197-43C0-935F-C37D1C5CD315}.Release|x86.Build.0 = Release|Any CPU
		{0FA4ECFE-DA1C-416B-9205-01A9CC025CEB}.Debug|Any CPU.ActiveCfg = Debug|Any CPU
		{0FA4ECFE-DA1C-416B-9205-01A9CC025CEB}.Debug|Any CPU.Build.0 = Debug|Any CPU
		{0FA4ECFE-DA1C-416B-9205-01A9CC025CEB}.Debug|ARM.ActiveCfg = Debug|Any CPU
		{0FA4ECFE-DA1C-416B-9205-01A9CC025CEB}.Debug|ARM.Build.0 = Debug|Any CPU
		{0FA4ECFE-DA1C-416B-9205-01A9CC025CEB}.Debug|ARM64.ActiveCfg = Debug|Any CPU
		{0FA4ECFE-DA1C-416B-9205-01A9CC025CEB}.Debug|ARM64.Build.0 = Debug|Any CPU
		{0FA4ECFE-DA1C-416B-9205-01A9CC025CEB}.Debug|x64.ActiveCfg = Debug|Any CPU
		{0FA4ECFE-DA1C-416B-9205-01A9CC025CEB}.Debug|x64.Build.0 = Debug|Any CPU
		{0FA4ECFE-DA1C-416B-9205-01A9CC025CEB}.Debug|x86.ActiveCfg = Debug|Any CPU
		{0FA4ECFE-DA1C-416B-9205-01A9CC025CEB}.Debug|x86.Build.0 = Debug|Any CPU
		{0FA4ECFE-DA1C-416B-9205-01A9CC025CEB}.Release|Any CPU.ActiveCfg = Release|Any CPU
		{0FA4ECFE-DA1C-416B-9205-01A9CC025CEB}.Release|Any CPU.Build.0 = Release|Any CPU
		{0FA4ECFE-DA1C-416B-9205-01A9CC025CEB}.Release|ARM.ActiveCfg = Release|Any CPU
		{0FA4ECFE-DA1C-416B-9205-01A9CC025CEB}.Release|ARM.Build.0 = Release|Any CPU
		{0FA4ECFE-DA1C-416B-9205-01A9CC025CEB}.Release|ARM64.ActiveCfg = Release|Any CPU
		{0FA4ECFE-DA1C-416B-9205-01A9CC025CEB}.Release|ARM64.Build.0 = Release|Any CPU
		{0FA4ECFE-DA1C-416B-9205-01A9CC025CEB}.Release|x64.ActiveCfg = Release|Any CPU
		{0FA4ECFE-DA1C-416B-9205-01A9CC025CEB}.Release|x64.Build.0 = Release|Any CPU
		{0FA4ECFE-DA1C-416B-9205-01A9CC025CEB}.Release|x86.ActiveCfg = Release|Any CPU
		{0FA4ECFE-DA1C-416B-9205-01A9CC025CEB}.Release|x86.Build.0 = Release|Any CPU
		{58EDAD8F-3AF9-46F9-B481-FA623894DF00}.Debug|Any CPU.ActiveCfg = Debug|Any CPU
		{58EDAD8F-3AF9-46F9-B481-FA623894DF00}.Debug|Any CPU.Build.0 = Debug|Any CPU
		{58EDAD8F-3AF9-46F9-B481-FA623894DF00}.Debug|ARM.ActiveCfg = Debug|Any CPU
		{58EDAD8F-3AF9-46F9-B481-FA623894DF00}.Debug|ARM.Build.0 = Debug|Any CPU
		{58EDAD8F-3AF9-46F9-B481-FA623894DF00}.Debug|ARM64.ActiveCfg = Debug|Any CPU
		{58EDAD8F-3AF9-46F9-B481-FA623894DF00}.Debug|ARM64.Build.0 = Debug|Any CPU
		{58EDAD8F-3AF9-46F9-B481-FA623894DF00}.Debug|x64.ActiveCfg = Debug|Any CPU
		{58EDAD8F-3AF9-46F9-B481-FA623894DF00}.Debug|x64.Build.0 = Debug|Any CPU
		{58EDAD8F-3AF9-46F9-B481-FA623894DF00}.Debug|x86.ActiveCfg = Debug|Any CPU
		{58EDAD8F-3AF9-46F9-B481-FA623894DF00}.Debug|x86.Build.0 = Debug|Any CPU
		{58EDAD8F-3AF9-46F9-B481-FA623894DF00}.Release|Any CPU.ActiveCfg = Release|Any CPU
		{58EDAD8F-3AF9-46F9-B481-FA623894DF00}.Release|Any CPU.Build.0 = Release|Any CPU
		{58EDAD8F-3AF9-46F9-B481-FA623894DF00}.Release|ARM.ActiveCfg = Release|Any CPU
		{58EDAD8F-3AF9-46F9-B481-FA623894DF00}.Release|ARM.Build.0 = Release|Any CPU
		{58EDAD8F-3AF9-46F9-B481-FA623894DF00}.Release|ARM64.ActiveCfg = Release|Any CPU
		{58EDAD8F-3AF9-46F9-B481-FA623894DF00}.Release|ARM64.Build.0 = Release|Any CPU
		{58EDAD8F-3AF9-46F9-B481-FA623894DF00}.Release|x64.ActiveCfg = Release|Any CPU
		{58EDAD8F-3AF9-46F9-B481-FA623894DF00}.Release|x64.Build.0 = Release|Any CPU
		{58EDAD8F-3AF9-46F9-B481-FA623894DF00}.Release|x86.ActiveCfg = Release|Any CPU
		{58EDAD8F-3AF9-46F9-B481-FA623894DF00}.Release|x86.Build.0 = Release|Any CPU
		{202061A8-8695-4D89-91E4-B55478BB690B}.Debug|Any CPU.ActiveCfg = Debug|Any CPU
		{202061A8-8695-4D89-91E4-B55478BB690B}.Debug|Any CPU.Build.0 = Debug|Any CPU
		{202061A8-8695-4D89-91E4-B55478BB690B}.Debug|ARM.ActiveCfg = Debug|Any CPU
		{202061A8-8695-4D89-91E4-B55478BB690B}.Debug|ARM.Build.0 = Debug|Any CPU
		{202061A8-8695-4D89-91E4-B55478BB690B}.Debug|ARM64.ActiveCfg = Debug|Any CPU
		{202061A8-8695-4D89-91E4-B55478BB690B}.Debug|ARM64.Build.0 = Debug|Any CPU
		{202061A8-8695-4D89-91E4-B55478BB690B}.Debug|x64.ActiveCfg = Debug|Any CPU
		{202061A8-8695-4D89-91E4-B55478BB690B}.Debug|x64.Build.0 = Debug|Any CPU
		{202061A8-8695-4D89-91E4-B55478BB690B}.Debug|x86.ActiveCfg = Debug|Any CPU
		{202061A8-8695-4D89-91E4-B55478BB690B}.Debug|x86.Build.0 = Debug|Any CPU
		{202061A8-8695-4D89-91E4-B55478BB690B}.Release|Any CPU.ActiveCfg = Release|Any CPU
		{202061A8-8695-4D89-91E4-B55478BB690B}.Release|Any CPU.Build.0 = Release|Any CPU
		{202061A8-8695-4D89-91E4-B55478BB690B}.Release|ARM.ActiveCfg = Release|Any CPU
		{202061A8-8695-4D89-91E4-B55478BB690B}.Release|ARM.Build.0 = Release|Any CPU
		{202061A8-8695-4D89-91E4-B55478BB690B}.Release|ARM64.ActiveCfg = Release|Any CPU
		{202061A8-8695-4D89-91E4-B55478BB690B}.Release|ARM64.Build.0 = Release|Any CPU
		{202061A8-8695-4D89-91E4-B55478BB690B}.Release|x64.ActiveCfg = Release|Any CPU
		{202061A8-8695-4D89-91E4-B55478BB690B}.Release|x64.Build.0 = Release|Any CPU
		{202061A8-8695-4D89-91E4-B55478BB690B}.Release|x86.ActiveCfg = Release|Any CPU
		{202061A8-8695-4D89-91E4-B55478BB690B}.Release|x86.Build.0 = Release|Any CPU
		{2699C0DA-DCCF-48B7-8D76-5647E3310FAF}.Debug|Any CPU.ActiveCfg = Debug|x86
		{2699C0DA-DCCF-48B7-8D76-5647E3310FAF}.Debug|ARM.ActiveCfg = Debug|ARM
		{2699C0DA-DCCF-48B7-8D76-5647E3310FAF}.Debug|ARM.Build.0 = Debug|ARM
		{2699C0DA-DCCF-48B7-8D76-5647E3310FAF}.Debug|ARM.Deploy.0 = Debug|ARM
		{2699C0DA-DCCF-48B7-8D76-5647E3310FAF}.Debug|ARM64.ActiveCfg = Debug|ARM64
		{2699C0DA-DCCF-48B7-8D76-5647E3310FAF}.Debug|ARM64.Build.0 = Debug|ARM64
		{2699C0DA-DCCF-48B7-8D76-5647E3310FAF}.Debug|ARM64.Deploy.0 = Debug|ARM64
		{2699C0DA-DCCF-48B7-8D76-5647E3310FAF}.Debug|x64.ActiveCfg = Debug|x64
		{2699C0DA-DCCF-48B7-8D76-5647E3310FAF}.Debug|x64.Build.0 = Debug|x64
		{2699C0DA-DCCF-48B7-8D76-5647E3310FAF}.Debug|x64.Deploy.0 = Debug|x64
		{2699C0DA-DCCF-48B7-8D76-5647E3310FAF}.Debug|x86.ActiveCfg = Debug|x86
		{2699C0DA-DCCF-48B7-8D76-5647E3310FAF}.Debug|x86.Build.0 = Debug|x86
		{2699C0DA-DCCF-48B7-8D76-5647E3310FAF}.Debug|x86.Deploy.0 = Debug|x86
		{2699C0DA-DCCF-48B7-8D76-5647E3310FAF}.Release|Any CPU.ActiveCfg = Release|x86
		{2699C0DA-DCCF-48B7-8D76-5647E3310FAF}.Release|ARM.ActiveCfg = Release|ARM
		{2699C0DA-DCCF-48B7-8D76-5647E3310FAF}.Release|ARM.Build.0 = Release|ARM
		{2699C0DA-DCCF-48B7-8D76-5647E3310FAF}.Release|ARM.Deploy.0 = Release|ARM
		{2699C0DA-DCCF-48B7-8D76-5647E3310FAF}.Release|ARM64.ActiveCfg = Release|ARM64
		{2699C0DA-DCCF-48B7-8D76-5647E3310FAF}.Release|ARM64.Build.0 = Release|ARM64
		{2699C0DA-DCCF-48B7-8D76-5647E3310FAF}.Release|ARM64.Deploy.0 = Release|ARM64
		{2699C0DA-DCCF-48B7-8D76-5647E3310FAF}.Release|x64.ActiveCfg = Release|x64
		{2699C0DA-DCCF-48B7-8D76-5647E3310FAF}.Release|x64.Build.0 = Release|x64
		{2699C0DA-DCCF-48B7-8D76-5647E3310FAF}.Release|x64.Deploy.0 = Release|x64
		{2699C0DA-DCCF-48B7-8D76-5647E3310FAF}.Release|x86.ActiveCfg = Release|x86
		{2699C0DA-DCCF-48B7-8D76-5647E3310FAF}.Release|x86.Build.0 = Release|x86
		{2699C0DA-DCCF-48B7-8D76-5647E3310FAF}.Release|x86.Deploy.0 = Release|x86
		{8311B545-CA1D-4B41-9F36-B56670A8093A}.Debug|Any CPU.ActiveCfg = Debug|x86
		{8311B545-CA1D-4B41-9F36-B56670A8093A}.Debug|ARM.ActiveCfg = Debug|ARM
		{8311B545-CA1D-4B41-9F36-B56670A8093A}.Debug|ARM.Build.0 = Debug|ARM
		{8311B545-CA1D-4B41-9F36-B56670A8093A}.Debug|ARM.Deploy.0 = Debug|ARM
		{8311B545-CA1D-4B41-9F36-B56670A8093A}.Debug|ARM64.ActiveCfg = Debug|x86
		{8311B545-CA1D-4B41-9F36-B56670A8093A}.Debug|x64.ActiveCfg = Debug|x64
		{8311B545-CA1D-4B41-9F36-B56670A8093A}.Debug|x64.Build.0 = Debug|x64
		{8311B545-CA1D-4B41-9F36-B56670A8093A}.Debug|x64.Deploy.0 = Debug|x64
		{8311B545-CA1D-4B41-9F36-B56670A8093A}.Debug|x86.ActiveCfg = Debug|x86
		{8311B545-CA1D-4B41-9F36-B56670A8093A}.Debug|x86.Build.0 = Debug|x86
		{8311B545-CA1D-4B41-9F36-B56670A8093A}.Debug|x86.Deploy.0 = Debug|x86
		{8311B545-CA1D-4B41-9F36-B56670A8093A}.Release|Any CPU.ActiveCfg = Release|x86
		{8311B545-CA1D-4B41-9F36-B56670A8093A}.Release|ARM.ActiveCfg = Release|ARM
		{8311B545-CA1D-4B41-9F36-B56670A8093A}.Release|ARM.Build.0 = Release|ARM
		{8311B545-CA1D-4B41-9F36-B56670A8093A}.Release|ARM.Deploy.0 = Release|ARM
		{8311B545-CA1D-4B41-9F36-B56670A8093A}.Release|ARM64.ActiveCfg = Release|x86
		{8311B545-CA1D-4B41-9F36-B56670A8093A}.Release|x64.ActiveCfg = Release|x64
		{8311B545-CA1D-4B41-9F36-B56670A8093A}.Release|x64.Build.0 = Release|x64
		{8311B545-CA1D-4B41-9F36-B56670A8093A}.Release|x64.Deploy.0 = Release|x64
		{8311B545-CA1D-4B41-9F36-B56670A8093A}.Release|x86.ActiveCfg = Release|x86
		{8311B545-CA1D-4B41-9F36-B56670A8093A}.Release|x86.Build.0 = Release|x86
		{8311B545-CA1D-4B41-9F36-B56670A8093A}.Release|x86.Deploy.0 = Release|x86
		{20B8B81D-936F-410B-B896-EB153441BDAF}.Debug|Any CPU.ActiveCfg = Debug|Any CPU
		{20B8B81D-936F-410B-B896-EB153441BDAF}.Debug|Any CPU.Build.0 = Debug|Any CPU
		{20B8B81D-936F-410B-B896-EB153441BDAF}.Debug|ARM.ActiveCfg = Debug|Any CPU
		{20B8B81D-936F-410B-B896-EB153441BDAF}.Debug|ARM.Build.0 = Debug|Any CPU
		{20B8B81D-936F-410B-B896-EB153441BDAF}.Debug|ARM64.ActiveCfg = Debug|Any CPU
		{20B8B81D-936F-410B-B896-EB153441BDAF}.Debug|ARM64.Build.0 = Debug|Any CPU
		{20B8B81D-936F-410B-B896-EB153441BDAF}.Debug|x64.ActiveCfg = Debug|Any CPU
		{20B8B81D-936F-410B-B896-EB153441BDAF}.Debug|x64.Build.0 = Debug|Any CPU
		{20B8B81D-936F-410B-B896-EB153441BDAF}.Debug|x86.ActiveCfg = Debug|Any CPU
		{20B8B81D-936F-410B-B896-EB153441BDAF}.Debug|x86.Build.0 = Debug|Any CPU
		{20B8B81D-936F-410B-B896-EB153441BDAF}.Release|Any CPU.ActiveCfg = Release|Any CPU
		{20B8B81D-936F-410B-B896-EB153441BDAF}.Release|Any CPU.Build.0 = Release|Any CPU
		{20B8B81D-936F-410B-B896-EB153441BDAF}.Release|ARM.ActiveCfg = Release|Any CPU
		{20B8B81D-936F-410B-B896-EB153441BDAF}.Release|ARM.Build.0 = Release|Any CPU
		{20B8B81D-936F-410B-B896-EB153441BDAF}.Release|ARM64.ActiveCfg = Release|Any CPU
		{20B8B81D-936F-410B-B896-EB153441BDAF}.Release|ARM64.Build.0 = Release|Any CPU
		{20B8B81D-936F-410B-B896-EB153441BDAF}.Release|x64.ActiveCfg = Release|Any CPU
		{20B8B81D-936F-410B-B896-EB153441BDAF}.Release|x64.Build.0 = Release|Any CPU
		{20B8B81D-936F-410B-B896-EB153441BDAF}.Release|x86.ActiveCfg = Release|Any CPU
		{20B8B81D-936F-410B-B896-EB153441BDAF}.Release|x86.Build.0 = Release|Any CPU
		{3A514F6F-2DBC-4549-94AA-4B36BDA362D3}.Debug|Any CPU.ActiveCfg = Debug|Any CPU
		{3A514F6F-2DBC-4549-94AA-4B36BDA362D3}.Debug|Any CPU.Build.0 = Debug|Any CPU
		{3A514F6F-2DBC-4549-94AA-4B36BDA362D3}.Debug|ARM.ActiveCfg = Debug|Any CPU
		{3A514F6F-2DBC-4549-94AA-4B36BDA362D3}.Debug|ARM.Build.0 = Debug|Any CPU
		{3A514F6F-2DBC-4549-94AA-4B36BDA362D3}.Debug|ARM64.ActiveCfg = Debug|Any CPU
		{3A514F6F-2DBC-4549-94AA-4B36BDA362D3}.Debug|ARM64.Build.0 = Debug|Any CPU
		{3A514F6F-2DBC-4549-94AA-4B36BDA362D3}.Debug|x64.ActiveCfg = Debug|Any CPU
		{3A514F6F-2DBC-4549-94AA-4B36BDA362D3}.Debug|x64.Build.0 = Debug|Any CPU
		{3A514F6F-2DBC-4549-94AA-4B36BDA362D3}.Debug|x86.ActiveCfg = Debug|Any CPU
		{3A514F6F-2DBC-4549-94AA-4B36BDA362D3}.Debug|x86.Build.0 = Debug|Any CPU
		{3A514F6F-2DBC-4549-94AA-4B36BDA362D3}.Release|Any CPU.ActiveCfg = Release|Any CPU
		{3A514F6F-2DBC-4549-94AA-4B36BDA362D3}.Release|Any CPU.Build.0 = Release|Any CPU
		{3A514F6F-2DBC-4549-94AA-4B36BDA362D3}.Release|ARM.ActiveCfg = Release|Any CPU
		{3A514F6F-2DBC-4549-94AA-4B36BDA362D3}.Release|ARM.Build.0 = Release|Any CPU
		{3A514F6F-2DBC-4549-94AA-4B36BDA362D3}.Release|ARM64.ActiveCfg = Release|Any CPU
		{3A514F6F-2DBC-4549-94AA-4B36BDA362D3}.Release|ARM64.Build.0 = Release|Any CPU
		{3A514F6F-2DBC-4549-94AA-4B36BDA362D3}.Release|x64.ActiveCfg = Release|Any CPU
		{3A514F6F-2DBC-4549-94AA-4B36BDA362D3}.Release|x64.Build.0 = Release|Any CPU
		{3A514F6F-2DBC-4549-94AA-4B36BDA362D3}.Release|x86.ActiveCfg = Release|Any CPU
		{3A514F6F-2DBC-4549-94AA-4B36BDA362D3}.Release|x86.Build.0 = Release|Any CPU
	EndGlobalSection
	GlobalSection(SolutionProperties) = preSolution
		HideSolutionNode = FALSE
	EndGlobalSection
	GlobalSection(NestedProjects) = preSolution
		{28B5F15B-862A-4D90-85FC-3FBA0853346D} = {86A4537E-351D-471E-A9D4-CA08FAB19BDB}
		{6F78681C-2122-4782-B518-CC76C1FF2272} = {86A4537E-351D-471E-A9D4-CA08FAB19BDB}
		{8C27E0A5-0E5C-45B9-BB42-F4C3AE705A62} = {86A4537E-351D-471E-A9D4-CA08FAB19BDB}
		{3A61C4B7-81C0-4494-889D-3E4CBC67A247} = {86A4537E-351D-471E-A9D4-CA08FAB19BDB}
		{B3FA61E2-3197-43C0-935F-C37D1C5CD315} = {86A4537E-351D-471E-A9D4-CA08FAB19BDB}
		{0FA4ECFE-DA1C-416B-9205-01A9CC025CEB} = {86A4537E-351D-471E-A9D4-CA08FAB19BDB}
		{58EDAD8F-3AF9-46F9-B481-FA623894DF00} = {86A4537E-351D-471E-A9D4-CA08FAB19BDB}
		{202061A8-8695-4D89-91E4-B55478BB690B} = {86A4537E-351D-471E-A9D4-CA08FAB19BDB}
		{2699C0DA-DCCF-48B7-8D76-5647E3310FAF} = {86A4537E-351D-471E-A9D4-CA08FAB19BDB}
		{8311B545-CA1D-4B41-9F36-B56670A8093A} = {075994FC-30F6-40D4-815C-A7E280BBFE5F}
		{20B8B81D-936F-410B-B896-EB153441BDAF} = {86A4537E-351D-471E-A9D4-CA08FAB19BDB}
		{3A514F6F-2DBC-4549-94AA-4B36BDA362D3} = {86A4537E-351D-471E-A9D4-CA08FAB19BDB}
	EndGlobalSection
	GlobalSection(ExtensibilityGlobals) = postSolution
		SolutionGuid = {E80A4DB3-2D11-42FE-A749-8A0948CD8F28}
	EndGlobalSection
EndGlobal
